
Microsoft Visual Studio Solution File, Format Version 11.00
# Visual Studio 2010
Project("{FAE04EC0-301F-11D3-BF4B-00C04F79EFBC}") = "001-Array", "001-Array\001-Array.csproj", "{D543472A-9D2D-4597-A426-A168D095F930}"
EndProject
Project("{FAE04EC0-301F-11D3-BF4B-00C04F79EFBC}") = "002-ArrayList", "002-ArrayList\002-ArrayList.csproj", "{283002E7-7DBA-48E8-AC23-584F8553B899}"
EndProject
Project("{FAE04EC0-301F-11D3-BF4B-00C04F79EFBC}") = "003-List", "003-List\003-List.csproj", "{9709E1EA-FBF2-4055-929C-617B8A8AB0F1}"
EndProject
Project("{FAE04EC0-301F-11D3-BF4B-00C04F79EFBC}") = "004-HashSet", "004-HashSet\004-HashSet.csproj", "{517CA53E-982A-4F4E-B490-FB0C7197324E}"
EndProject
Project("{FAE04EC0-301F-11D3-BF4B-00C04F79EFBC}") = "005-Stack", "005-Stack\005-Stack.csproj", "{B94DB139-27B8-40A5-AD41-518D25036506}"
EndProject
Project("{FAE04EC0-301F-11D3-BF4B-00C04F79EFBC}") = "006-Queue", "006-Queue\006-Queue.csproj", "{D1815027-9EC2-445E-867B-1AD76B174AA0}"
EndProject
Project("{FAE04EC0-301F-11D3-BF4B-00C04F79EFBC}") = "007-UniqueList", "007-UniqueList\007-UniqueList.csproj", "{FD2EE834-47EE-452C-AD81-15466E270980}"
EndProject
Project("{FAE04EC0-301F-11D3-BF4B-00C04F79EFBC}") = "008-GenericType", "008-GenericType\008-GenericType.csproj", "{E5E9CC19-D724-45F8-8F26-CDB32383A337}"
EndProject
Global
	GlobalSection(SolutionConfigurationPlatforms) = preSolution
		Debug|x86 = Debug|x86
		Release|x86 = Release|x86
	EndGlobalSection
	GlobalSection(ProjectConfigurationPlatforms) = postSolution
		{D543472A-9D2D-4597-A426-A168D095F930}.Debug|x86.ActiveCfg = Debug|x86
		{D543472A-9D2D-4597-A426-A168D095F930}.Debug|x86.Build.0 = Debug|x86
		{D543472A-9D2D-4597-A426-A168D095F930}.Release|x86.ActiveCfg = Release|x86
		{D543472A-9D2D-4597-A426-A168D095F930}.Release|x86.Build.0 = Release|x86
		{283002E7-7DBA-48E8-AC23-584F8553B899}.Debug|x86.ActiveCfg = Debug|x86
		{283002E7-7DBA-48E8-AC23-584F8553B899}.Debug|x86.Build.0 = Debug|x86
		{283002E7-7DBA-48E8-AC23-584F8553B899}.Release|x86.ActiveCfg = Release|x86
		{283002E7-7DBA-48E8-AC23-584F8553B899}.Release|x86.Build.0 = Release|x86
		{9709E1EA-FBF2-4055-929C-617B8A8AB0F1}.Debug|x86.ActiveCfg = Debug|x86
		{9709E1EA-FBF2-4055-929C-617B8A8AB0F1}.Debug|x86.Build.0 = Debug|x86
		{9709E1EA-FBF2-4055-929C-617B8A8AB0F1}.Release|x86.ActiveCfg = Release|x86
		{9709E1EA-FBF2-4055-929C-617B8A8AB0F1}.Release|x86.Build.0 = Release|x86
		{517CA53E-982A-4F4E-B490-FB0C7197324E}.Debug|x86.ActiveCfg = Debug|x86
		{517CA53E-982A-4F4E-B490-FB0C7197324E}.Debug|x86.Build.0 = Debug|x86
		{517CA53E-982A-4F4E-B490-FB0C7197324E}.Release|x86.ActiveCfg = Release|x86
		{517CA53E-982A-4F4E-B490-FB0C7197324E}.Release|x86.Build.0 = Release|x86
		{B94DB139-27B8-40A5-AD41-518D25036506}.Debug|x86.ActiveCfg = Debug|x86
		{B94DB139-27B8-40A5-AD41-518D25036506}.Debug|x86.Build.0 = Debug|x86
		{B94DB139-27B8-40A5-AD41-518D25036506}.Release|x86.ActiveCfg = Release|x86
		{B94DB139-27B8-40A5-AD41-518D25036506}.Release|x86.Build.0 = Release|x86
		{D1815027-9EC2-445E-867B-1AD76B174AA0}.Debug|x86.ActiveCfg = Debug|x86
		{D1815027-9EC2-445E-867B-1AD76B174AA0}.Debug|x86.Build.0 = Debug|x86
		{D1815027-9EC2-445E-867B-1AD76B174AA0}.Release|x86.ActiveCfg = Release|x86
		{D1815027-9EC2-445E-867B-1AD76B174AA0}.Release|x86.Build.0 = Release|x86
		{FD2EE834-47EE-452C-AD81-15466E270980}.Debug|x86.ActiveCfg = Debug|x86
		{FD2EE834-47EE-452C-AD81-15466E270980}.Debug|x86.Build.0 = Debug|x86
		{FD2EE834-47EE-452C-AD81-15466E270980}.Release|x86.ActiveCfg = Release|x86
		{FD2EE834-47EE-452C-AD81-15466E270980}.Release|x86.Build.0 = Release|x86
		{E5E9CC19-D724-45F8-8F26-CDB32383A337}.Debug|x86.ActiveCfg = Debug|x86
		{E5E9CC19-D724-45F8-8F26-CDB32383A337}.Debug|x86.Build.0 = Debug|x86
		{E5E9CC19-D724-45F8-8F26-CDB32383A337}.Release|x86.ActiveCfg = Release|x86
		{E5E9CC19-D724-45F8-8F26-CDB32383A337}.Release|x86.Build.0 = Release|x86
	EndGlobalSection
	GlobalSection(SolutionProperties) = preSolution
		HideSolutionNode = FALSE
	EndGlobalSection
EndGlobal
