
Microsoft Visual Studio Solution File, Format Version 11.00
# Visual Studio 2010
Project("{FAE04EC0-301F-11D3-BF4B-00C04F79EFBC}") = "001-SobrecargaDeMetodo", "001-SobrecargaDeMetodo\001-SobrecargaDeMetodo.csproj", "{BEDD4D2B-7903-4747-B3D8-E1283E17CABE}"
EndProject
Project("{FAE04EC0-301F-11D3-BF4B-00C04F79EFBC}") = "002-Recursao", "002-Recursao\002-Recursao.csproj", "{6FF4B6B7-F87A-4594-8893-CC3E8CF9AB69}"
EndProject
Project("{FAE04EC0-301F-11D3-BF4B-00C04F79EFBC}") = "003-Property", "003-Property\003-Property.csproj", "{6A4A7FD6-FB25-42E2-946D-64B0144A93D6}"
EndProject
Project("{FAE04EC0-301F-11D3-BF4B-00C04F79EFBC}") = "004-Static", "004-Static\004-Static.csproj", "{D1B1AEF1-6D96-4801-A4E5-F0616D1573E6}"
EndProject
Project("{FAE04EC0-301F-11D3-BF4B-00C04F79EFBC}") = "005-Calculadoras", "005-Calculadoras\005-Calculadoras.csproj", "{AB4A52B0-AD05-4F2E-BC23-00263A243962}"
EndProject
Project("{FAE04EC0-301F-11D3-BF4B-00C04F79EFBC}") = "006-Extension", "006-Extension\006-Extension.csproj", "{BB3904A6-4D04-4BC2-B6A2-AE89E3FA86F9}"
EndProject
Global
	GlobalSection(SolutionConfigurationPlatforms) = preSolution
		Debug|x86 = Debug|x86
		Release|x86 = Release|x86
	EndGlobalSection
	GlobalSection(ProjectConfigurationPlatforms) = postSolution
		{BEDD4D2B-7903-4747-B3D8-E1283E17CABE}.Debug|x86.ActiveCfg = Debug|x86
		{BEDD4D2B-7903-4747-B3D8-E1283E17CABE}.Debug|x86.Build.0 = Debug|x86
		{BEDD4D2B-7903-4747-B3D8-E1283E17CABE}.Release|x86.ActiveCfg = Release|x86
		{BEDD4D2B-7903-4747-B3D8-E1283E17CABE}.Release|x86.Build.0 = Release|x86
		{6FF4B6B7-F87A-4594-8893-CC3E8CF9AB69}.Debug|x86.ActiveCfg = Debug|x86
		{6FF4B6B7-F87A-4594-8893-CC3E8CF9AB69}.Debug|x86.Build.0 = Debug|x86
		{6FF4B6B7-F87A-4594-8893-CC3E8CF9AB69}.Release|x86.ActiveCfg = Release|x86
		{6FF4B6B7-F87A-4594-8893-CC3E8CF9AB69}.Release|x86.Build.0 = Release|x86
		{6A4A7FD6-FB25-42E2-946D-64B0144A93D6}.Debug|x86.ActiveCfg = Debug|x86
		{6A4A7FD6-FB25-42E2-946D-64B0144A93D6}.Debug|x86.Build.0 = Debug|x86
		{6A4A7FD6-FB25-42E2-946D-64B0144A93D6}.Release|x86.ActiveCfg = Release|x86
		{6A4A7FD6-FB25-42E2-946D-64B0144A93D6}.Release|x86.Build.0 = Release|x86
		{D1B1AEF1-6D96-4801-A4E5-F0616D1573E6}.Debug|x86.ActiveCfg = Debug|x86
		{D1B1AEF1-6D96-4801-A4E5-F0616D1573E6}.Debug|x86.Build.0 = Debug|x86
		{D1B1AEF1-6D96-4801-A4E5-F0616D1573E6}.Release|x86.ActiveCfg = Release|x86
		{D1B1AEF1-6D96-4801-A4E5-F0616D1573E6}.Release|x86.Build.0 = Release|x86
		{AB4A52B0-AD05-4F2E-BC23-00263A243962}.Debug|x86.ActiveCfg = Debug|x86
		{AB4A52B0-AD05-4F2E-BC23-00263A243962}.Debug|x86.Build.0 = Debug|x86
		{AB4A52B0-AD05-4F2E-BC23-00263A243962}.Release|x86.ActiveCfg = Release|x86
		{AB4A52B0-AD05-4F2E-BC23-00263A243962}.Release|x86.Build.0 = Release|x86
		{BB3904A6-4D04-4BC2-B6A2-AE89E3FA86F9}.Debug|x86.ActiveCfg = Debug|x86
		{BB3904A6-4D04-4BC2-B6A2-AE89E3FA86F9}.Debug|x86.Build.0 = Debug|x86
		{BB3904A6-4D04-4BC2-B6A2-AE89E3FA86F9}.Release|x86.ActiveCfg = Release|x86
		{BB3904A6-4D04-4BC2-B6A2-AE89E3FA86F9}.Release|x86.Build.0 = Release|x86
	EndGlobalSection
	GlobalSection(SolutionProperties) = preSolution
		HideSolutionNode = FALSE
	EndGlobalSection
EndGlobal
