
Microsoft Visual Studio Solution File, Format Version 11.00
# Visual Studio 2010
Project("{FAE04EC0-301F-11D3-BF4B-00C04F79EFBC}") = "001-Heranca", "001-Heranca\001-Heranca.csproj", "{30902F79-C9F2-4F41-B9C4-F75014286E17}"
EndProject
Project("{FAE04EC0-301F-11D3-BF4B-00C04F79EFBC}") = "002-Figura", "002-Figura\002-Figura.csproj", "{2C587ADB-9DD3-45C4-896D-9AD6D800A20E}"
EndProject
Project("{FAE04EC0-301F-11D3-BF4B-00C04F79EFBC}") = "003-Override", "003-Override\003-Override.csproj", "{8516E916-7156-4388-8E3B-E474595135B0}"
EndProject
Project("{FAE04EC0-301F-11D3-BF4B-00C04F79EFBC}") = "004-New", "004-New\004-New.csproj", "{6D46B1E6-401C-48A5-A657-151F59460CDB}"
EndProject
Project("{FAE04EC0-301F-11D3-BF4B-00C04F79EFBC}") = "005-Polimorfismo", "005-Polimorfismo\005-Polimorfismo.csproj", "{A4645473-2552-47A2-BD03-D2C1DB445116}"
EndProject
Project("{FAE04EC0-301F-11D3-BF4B-00C04F79EFBC}") = "006-Sealed", "006-Sealed\006-Sealed.csproj", "{31FEFE28-79AD-4EB8-AE2A-4F70D3595E64}"
EndProject
Project("{FAE04EC0-301F-11D3-BF4B-00C04F79EFBC}") = "007-Construtor", "007-Construtor\007-Construtor.csproj", "{BD6426AB-D17E-40FE-B6A0-40D38CCD2D9C}"
EndProject
Project("{FAE04EC0-301F-11D3-BF4B-00C04F79EFBC}") = "008-Construtor", "008-Construtor\008-Construtor.csproj", "{F26DE5C8-E0C3-4988-96ED-B761F4FEAD37}"
EndProject
Project("{FAE04EC0-301F-11D3-BF4B-00C04F79EFBC}") = "009-Interface", "009-Interface\009-Interface.csproj", "{DCF880C8-C4C0-42AD-A6AE-045C57140788}"
EndProject
Project("{FAE04EC0-301F-11D3-BF4B-00C04F79EFBC}") = "010-Equals", "010-Equals\010-Equals.csproj", "{61AE7206-E55F-41B0-9BB0-AFE71161CBBB}"
EndProject
Project("{FAE04EC0-301F-11D3-BF4B-00C04F79EFBC}") = "011-IComparable", "011-IComparable\011-IComparable.csproj", "{D7E2C7B9-74AD-4B43-B704-D550B45CCC03}"
EndProject
Project("{FAE04EC0-301F-11D3-BF4B-00C04F79EFBC}") = "012-ICloneable", "012-ICloneable\012-ICloneable.csproj", "{CC7371C1-9CC1-4FE7-B756-F5C414FF0113}"
EndProject
Global
	GlobalSection(SolutionConfigurationPlatforms) = preSolution
		Debug|x86 = Debug|x86
		Release|x86 = Release|x86
	EndGlobalSection
	GlobalSection(ProjectConfigurationPlatforms) = postSolution
		{30902F79-C9F2-4F41-B9C4-F75014286E17}.Debug|x86.ActiveCfg = Debug|x86
		{30902F79-C9F2-4F41-B9C4-F75014286E17}.Debug|x86.Build.0 = Debug|x86
		{30902F79-C9F2-4F41-B9C4-F75014286E17}.Release|x86.ActiveCfg = Release|x86
		{30902F79-C9F2-4F41-B9C4-F75014286E17}.Release|x86.Build.0 = Release|x86
		{2C587ADB-9DD3-45C4-896D-9AD6D800A20E}.Debug|x86.ActiveCfg = Debug|x86
		{2C587ADB-9DD3-45C4-896D-9AD6D800A20E}.Debug|x86.Build.0 = Debug|x86
		{2C587ADB-9DD3-45C4-896D-9AD6D800A20E}.Release|x86.ActiveCfg = Release|x86
		{2C587ADB-9DD3-45C4-896D-9AD6D800A20E}.Release|x86.Build.0 = Release|x86
		{8516E916-7156-4388-8E3B-E474595135B0}.Debug|x86.ActiveCfg = Debug|x86
		{8516E916-7156-4388-8E3B-E474595135B0}.Debug|x86.Build.0 = Debug|x86
		{8516E916-7156-4388-8E3B-E474595135B0}.Release|x86.ActiveCfg = Release|x86
		{8516E916-7156-4388-8E3B-E474595135B0}.Release|x86.Build.0 = Release|x86
		{6D46B1E6-401C-48A5-A657-151F59460CDB}.Debug|x86.ActiveCfg = Debug|x86
		{6D46B1E6-401C-48A5-A657-151F59460CDB}.Debug|x86.Build.0 = Debug|x86
		{6D46B1E6-401C-48A5-A657-151F59460CDB}.Release|x86.ActiveCfg = Release|x86
		{6D46B1E6-401C-48A5-A657-151F59460CDB}.Release|x86.Build.0 = Release|x86
		{A4645473-2552-47A2-BD03-D2C1DB445116}.Debug|x86.ActiveCfg = Debug|x86
		{A4645473-2552-47A2-BD03-D2C1DB445116}.Debug|x86.Build.0 = Debug|x86
		{A4645473-2552-47A2-BD03-D2C1DB445116}.Release|x86.ActiveCfg = Release|x86
		{A4645473-2552-47A2-BD03-D2C1DB445116}.Release|x86.Build.0 = Release|x86
		{31FEFE28-79AD-4EB8-AE2A-4F70D3595E64}.Debug|x86.ActiveCfg = Debug|x86
		{31FEFE28-79AD-4EB8-AE2A-4F70D3595E64}.Debug|x86.Build.0 = Debug|x86
		{31FEFE28-79AD-4EB8-AE2A-4F70D3595E64}.Release|x86.ActiveCfg = Release|x86
		{31FEFE28-79AD-4EB8-AE2A-4F70D3595E64}.Release|x86.Build.0 = Release|x86
		{BD6426AB-D17E-40FE-B6A0-40D38CCD2D9C}.Debug|x86.ActiveCfg = Debug|x86
		{BD6426AB-D17E-40FE-B6A0-40D38CCD2D9C}.Debug|x86.Build.0 = Debug|x86
		{BD6426AB-D17E-40FE-B6A0-40D38CCD2D9C}.Release|x86.ActiveCfg = Release|x86
		{BD6426AB-D17E-40FE-B6A0-40D38CCD2D9C}.Release|x86.Build.0 = Release|x86
		{F26DE5C8-E0C3-4988-96ED-B761F4FEAD37}.Debug|x86.ActiveCfg = Debug|x86
		{F26DE5C8-E0C3-4988-96ED-B761F4FEAD37}.Debug|x86.Build.0 = Debug|x86
		{F26DE5C8-E0C3-4988-96ED-B761F4FEAD37}.Release|x86.ActiveCfg = Release|x86
		{F26DE5C8-E0C3-4988-96ED-B761F4FEAD37}.Release|x86.Build.0 = Release|x86
		{DCF880C8-C4C0-42AD-A6AE-045C57140788}.Debug|x86.ActiveCfg = Debug|x86
		{DCF880C8-C4C0-42AD-A6AE-045C57140788}.Debug|x86.Build.0 = Debug|x86
		{DCF880C8-C4C0-42AD-A6AE-045C57140788}.Release|x86.ActiveCfg = Release|x86
		{DCF880C8-C4C0-42AD-A6AE-045C57140788}.Release|x86.Build.0 = Release|x86
		{61AE7206-E55F-41B0-9BB0-AFE71161CBBB}.Debug|x86.ActiveCfg = Debug|x86
		{61AE7206-E55F-41B0-9BB0-AFE71161CBBB}.Debug|x86.Build.0 = Debug|x86
		{61AE7206-E55F-41B0-9BB0-AFE71161CBBB}.Release|x86.ActiveCfg = Release|x86
		{61AE7206-E55F-41B0-9BB0-AFE71161CBBB}.Release|x86.Build.0 = Release|x86
		{D7E2C7B9-74AD-4B43-B704-D550B45CCC03}.Debug|x86.ActiveCfg = Debug|x86
		{D7E2C7B9-74AD-4B43-B704-D550B45CCC03}.Debug|x86.Build.0 = Debug|x86
		{D7E2C7B9-74AD-4B43-B704-D550B45CCC03}.Release|x86.ActiveCfg = Release|x86
		{D7E2C7B9-74AD-4B43-B704-D550B45CCC03}.Release|x86.Build.0 = Release|x86
		{CC7371C1-9CC1-4FE7-B756-F5C414FF0113}.Debug|x86.ActiveCfg = Debug|x86
		{CC7371C1-9CC1-4FE7-B756-F5C414FF0113}.Debug|x86.Build.0 = Debug|x86
		{CC7371C1-9CC1-4FE7-B756-F5C414FF0113}.Release|x86.ActiveCfg = Release|x86
		{CC7371C1-9CC1-4FE7-B756-F5C414FF0113}.Release|x86.Build.0 = Release|x86
	EndGlobalSection
	GlobalSection(SolutionProperties) = preSolution
		HideSolutionNode = FALSE
	EndGlobalSection
EndGlobal
